
Microsoft Visual Studio Solution File, Format Version 12.00
# Visual Studio Version 17
VisualStudioVersion = 17.9.34607.119
MinimumVisualStudioVersion = 10.0.40219.1
Project("{9A19103F-16F7-4668-BE54-9A1E7A4F7556}") = "WebAPIDemoBlazor", "WebAPIDemoBlazor\WebAPIDemoBlazor.csproj", "{894D339C-B969-4328-844F-62E1D40F76DA}"
EndProject
Project("{9A19103F-16F7-4668-BE54-9A1E7A4F7556}") = "WebAPIDemoBlazor.Client", "WebAPIDemoBlazor.Client\WebAPIDemoBlazor.Client.csproj", "{AF3AAAD6-7C1F-447F-9945-545D650A87CF}"
EndProject
Global
	GlobalSection(SolutionConfigurationPlatforms) = preSolution
		Debug|Any CPU = Debug|Any CPU
		Release|Any CPU = Release|Any CPU
	EndGlobalSection
	GlobalSection(ProjectConfigurationPlatforms) = postSolution
		{894D339C-B969-4328-844F-62E1D40F76DA}.Debug|Any CPU.ActiveCfg = Debug|Any CPU
		{894D339C-B969-4328-844F-62E1D40F76DA}.Debug|Any CPU.Build.0 = Debug|Any CPU
		{894D339C-B969-4328-844F-62E1D40F76DA}.Release|Any CPU.ActiveCfg = Release|Any CPU
		{894D339C-B969-4328-844F-62E1D40F76DA}.Release|Any CPU.Build.0 = Release|Any CPU
		{AF3AAAD6-7C1F-447F-9945-545D650A87CF}.Debug|Any CPU.ActiveCfg = Debug|Any CPU
		{AF3AAAD6-7C1F-447F-9945-545D650A87CF}.Debug|Any CPU.Build.0 = Debug|Any CPU
		{AF3AAAD6-7C1F-447F-9945-545D650A87CF}.Release|Any CPU.ActiveCfg = Release|Any CPU
		{AF3AAAD6-7C1F-447F-9945-545D650A87CF}.Release|Any CPU.Build.0 = Release|Any CPU
	EndGlobalSection
	GlobalSection(SolutionProperties) = preSolution
		HideSolutionNode = FALSE
	EndGlobalSection
	GlobalSection(ExtensibilityGlobals) = postSolution
		SolutionGuid = {A7889345-20BD-4A33-937E-1EEDDFD3ACC7}
	EndGlobalSection
EndGlobal
